
Microsoft Visual Studio Solution File, Format Version 12.00
# Visual Studio Version 17
VisualStudioVersion = 17.0.31903.59
MinimumVisualStudioVersion = 10.0.40219.1
Project("{FAE04EC0-301F-11D3-BF4B-00C04F79EFBC}") = "FunctionX", "FunctionX\FunctionX.csproj", "{3FB1D238-84C8-413E-B2EE-144E3C8BC6FF}"
EndProject
Project("{FAE04EC0-301F-11D3-BF4B-00C04F79EFBC}") = "FunctionX.Tests", "FunctionX.Tests\FunctionX.Tests.csproj", "{A83B6EC7-60E6-4CCA-8EF2-784E79EDFE4B}"
EndProject
Project("{2150E333-8FDC-42A3-9474-1A3956D46DE8}") = "1. Docs", "1. Docs", "{2196FF3B-5B91-4BAA-B7A9-27518190F746}"
	ProjectSection(SolutionItems) = preProject
		..\README.md = ..\README.md
	EndProjectSection
EndProject
Global
	GlobalSection(SolutionConfigurationPlatforms) = preSolution
		Debug|Any CPU = Debug|Any CPU
		Release|Any CPU = Release|Any CPU
	EndGlobalSection
	GlobalSection(ProjectConfigurationPlatforms) = postSolution
		{3FB1D238-84C8-413E-B2EE-144E3C8BC6FF}.Debug|Any CPU.ActiveCfg = Debug|Any CPU
		{3FB1D238-84C8-413E-B2EE-144E3C8BC6FF}.Debug|Any CPU.Build.0 = Debug|Any CPU
		{3FB1D238-84C8-413E-B2EE-144E3C8BC6FF}.Release|Any CPU.ActiveCfg = Release|Any CPU
		{3FB1D238-84C8-413E-B2EE-144E3C8BC6FF}.Release|Any CPU.Build.0 = Release|Any CPU
		{A83B6EC7-60E6-4CCA-8EF2-784E79EDFE4B}.Debug|Any CPU.ActiveCfg = Debug|Any CPU
		{A83B6EC7-60E6-4CCA-8EF2-784E79EDFE4B}.Debug|Any CPU.Build.0 = Debug|Any CPU
		{A83B6EC7-60E6-4CCA-8EF2-784E79EDFE4B}.Release|Any CPU.ActiveCfg = Release|Any CPU
		{A83B6EC7-60E6-4CCA-8EF2-784E79EDFE4B}.Release|Any CPU.Build.0 = Release|Any CPU
	EndGlobalSection
	GlobalSection(SolutionProperties) = preSolution
		HideSolutionNode = FALSE
	EndGlobalSection
	GlobalSection(ExtensibilityGlobals) = postSolution
		SolutionGuid = {2FF3FA81-00D1-4EAC-B9A2-CC4E5B90F3EA}
	EndGlobalSection
EndGlobal
